{
  "version": 4,
  "terraform_version": "1.12.1",
  "serial": 1,
  "lineage": "acbdf3c6-ccdc-4649-77ef-5bf7777cbb98",
  "outputs": {
    "remote_state_arn": {
      "value": "arn:aws:s3:::tf-state010438491289",
      "type": "string"
    },
    "remote_state_bucket": {
      "value": "tf-state010438491289",
      "type": "string"
    }
  },
  "resources": [
    {
      "mode": "data",
      "type": "aws_caller_identity",
      "name": "current",
      "provider": "provider[\"registry.terraform.io/hashicorp/aws\"]",
      "instances": [
        {
          "schema_version": 0,
          "attributes": {
            "account_id": "010438491289",
            "arn": "arn:aws:iam::010438491289:user/cael-terraform",
            "id": "010438491289",
            "user_id": "AIDAQE3ROXSMR7MFR37ML"
          },
          "sensitive_attributes": [],
          "identity_schema_version": 0
        }
      ]
    },
    {
      "mode": "managed",
      "type": "aws_s3_bucket",
      "name": "remote-state",
      "provider": "provider[\"registry.terraform.io/hashicorp/aws\"]",
      "instances": [
        {
          "schema_version": 0,
          "attributes": {
            "acceleration_status": "",
            "acl": null,
            "arn": "arn:aws:s3:::tf-state010438491289",
            "bucket": "tf-state010438491289",
            "bucket_domain_name": "tf-state010438491289.s3.amazonaws.com",
            "bucket_prefix": "",
            "bucket_regional_domain_name": "tf-state010438491289.s3.us-east-1.amazonaws.com",
            "cors_rule": [],
            "force_destroy": false,
            "grant": [
              {
                "id": "d592063bb41cc281da9cdc55a311495bde7b97efef29be9dbbc22e2251522dda",
                "permissions": [
                  "FULL_CONTROL"
                ],
                "type": "CanonicalUser",
                "uri": ""
              }
            ],
            "hosted_zone_id": "Z3AQBSTGFYJSTF",
            "id": "tf-state010438491289",
            "lifecycle_rule": [],
            "logging": [],
            "object_lock_configuration": [],
            "object_lock_enabled": false,
            "policy": "",
            "region": "us-east-1",
            "replication_configuration": [],
            "request_payer": "BucketOwner",
            "server_side_encryption_configuration": [
              {
                "rule": [
                  {
                    "apply_server_side_encryption_by_default": [
                      {
                        "kms_master_key_id": "",
                        "sse_algorithm": "AES256"
                      }
                    ],
                    "bucket_key_enabled": false
                  }
                ]
              }
            ],
            "tags": {
              "Description": "stores terraform remote states files",
              "Managedby": "Terraform",
              "Name": "rapahaeru remote state bucket",
              "Owner": "rapahaeru",
              "UpdatedBy": "2025-06-14"
            },
            "tags_all": {
              "Description": "stores terraform remote states files",
              "Managedby": "Terraform",
              "Name": "rapahaeru remote state bucket",
              "Owner": "rapahaeru",
              "UpdatedBy": "2025-06-14"
            },
            "timeouts": null,
            "versioning": [
              {
                "enabled": true,
                "mfa_delete": false
              }
            ],
            "website": [],
            "website_domain": null,
            "website_endpoint": null
          },
          "sensitive_attributes": [],
          "identity_schema_version": 0,
          "private": "eyJlMmJmYjczMC1lY2FhLTExZTYtOGY4OC0zNDM2M2JjN2M0YzAiOnsiY3JlYXRlIjoxMjAwMDAwMDAwMDAwLCJkZWxldGUiOjM2MDAwMDAwMDAwMDAsInJlYWQiOjEyMDAwMDAwMDAwMDAsInVwZGF0ZSI6MTIwMDAwMDAwMDAwMH19",
          "dependencies": [
            "data.aws_caller_identity.current"
          ]
        }
      ]
    }
  ],
  "check_results": null
}
