{
  "version": 4,
  "terraform_version": "1.12.1",
  "serial": 13,
  "lineage": "ee83e730-0edf-72e3-f224-14841cb00a16",
  "outputs": {},
  "resources": [
    {
      "mode": "data",
      "type": "archive_file",
      "name": "json",
      "provider": "provider[\"registry.terraform.io/hashicorp/archive\"]",
      "instances": [
        {
          "schema_version": 0,
          "attributes": {
            "exclude_symlink_directories": null,
            "excludes": null,
            "id": "a0896d031d0060c4e8143004e0df12cd9b4c927d",
            "output_base64sha256": "6p8NRa3X2YbZcoFP3/eim8blcAJdmRdeiGIbPkM6ReQ=",
            "output_base64sha512": "MxhEdX4pDJ6OlXIdZT71kRnKbyjq2ad7qOmkkdHrGogbjqWo9DSyjn/1Dyh5QVI7M/RazkwmXXhSzPqGCHbsnw==",
            "output_file_mode": null,
            "output_md5": "5fdf1ccff865a98cd6ef5a4bc9830c3b",
            "output_path": "./files/arquivo-gerado-de-um-template.zip",
            "output_sha": "a0896d031d0060c4e8143004e0df12cd9b4c927d",
            "output_sha256": "ea9f0d45add7d986d972814fdff7a29bc6e570025d99175e88621b3e433a45e4",
            "output_sha512": "331844757e290c9e8e95721d653ef59119ca6f28ead9a77ba8e9a491d1eb1a881b8ea5a8f434b28e7ff50f287941523b33f45ace4c265d7852ccfa860876ec9f",
            "output_size": 977,
            "source": [
              {
                "content": "{\r\n  \"_id\": \"5c4ced467fed6b22958523af\",\r\n  \"index\": 0,\r\n  \"guid\": \"ec360fa8-f535-4ad5-835a-683f928495cd\",\r\n  \"isActive\": true,\r\n  \"balance\": \"$3,892.62\",\r\n  \"picture\": \"http://placehold.it/32x32\",\r\n  \"age\": \"33\",\r\n  \"eyeColor\": \"Brown\",\r\n  \"name\": \"Cleber\",\r\n  \"gender\": \"Male\",\r\n  \"company\": \"FITCORE\",\r\n  \"email\": \"tamekaweber@fitcore.com\",\r\n  \"phone\": \"+1 (851) 497-3226\",\r\n  \"address\": \"529 Pierrepont Street, Bainbridge, New Jersey, 9407\",\r\n  \"about\": \"Do irure proident reprehenderit aliquip ipsum. Ea sunt commodo in esse fugiat adipisicing aute consequat eiusmod eu veniam ad. Nulla ad et exercitation voluptate proident mollit sunt adipisicing aute dolor esse. Reprehenderit ea laboris sunt aliquip adipisicing qui pariatur excepteur ut et ullamco elit nostrud culpa. Nulla aliqua commodo sunt non Lorem incididunt aliquip voluptate consectetur commodo non dolor veniam. Officia culpa exercitation do enim veniam adipisicing. Nulla fugiat et eiusmod aute incididunt laboris deserunt excepteur fugiat duis officia.\\r\\n\",\r\n  \"registered\": \"2018-04-12T11:58:28 +03:00\",\r\n  \"latitude\": -28.83255,\r\n  \"longitude\": -108.89522,\r\n  \"tags\": [\r\n    \"pariatur\",\r\n    \"amet\",\r\n    \"qui\",\r\n    \"aute\",\r\n    \"mollit\",\r\n    \"aliquip\",\r\n    \"excepteur\"\r\n  ],\r\n  \"friends\": [\r\n    {\r\n      \"id\": 0,\r\n      \"name\": \"Rodriquez Garrett\"\r\n    },\r\n    {\r\n      \"id\": 1,\r\n      \"name\": \"Ebony Cole\"\r\n    },\r\n    {\r\n      \"id\": 2,\r\n      \"name\": \"Travis Ashley\"\r\n    }\r\n  ],\r\n  \"greeting\": \"Hello, Tameka Weber! You have 1 unread messages.\",\r\n  \"favoriteFruit\": \"apple\"\r\n}",
                "filename": "arquivo-gerado-de-um-template.json"
              }
            ],
            "source_content": null,
            "source_content_filename": null,
            "source_dir": null,
            "source_file": null,
            "type": "zip"
          },
          "sensitive_attributes": [],
          "identity_schema_version": 0
        }
      ]
    },
    {
      "mode": "data",
      "type": "template_file",
      "name": "json",
      "provider": "provider[\"registry.terraform.io/hashicorp/template\"]",
      "instances": [
        {
          "schema_version": 0,
          "attributes": {
            "filename": null,
            "id": "2a352e223ce4b5ab7d19dad483159f6a32cb9b36e93037229b660a2923ea9eeb",
            "rendered": "{\r\n  \"_id\": \"5c4ced467fed6b22958523af\",\r\n  \"index\": 0,\r\n  \"guid\": \"ec360fa8-f535-4ad5-835a-683f928495cd\",\r\n  \"isActive\": true,\r\n  \"balance\": \"$3,892.62\",\r\n  \"picture\": \"http://placehold.it/32x32\",\r\n  \"age\": \"33\",\r\n  \"eyeColor\": \"Brown\",\r\n  \"name\": \"Cleber\",\r\n  \"gender\": \"Male\",\r\n  \"company\": \"FITCORE\",\r\n  \"email\": \"tamekaweber@fitcore.com\",\r\n  \"phone\": \"+1 (851) 497-3226\",\r\n  \"address\": \"529 Pierrepont Street, Bainbridge, New Jersey, 9407\",\r\n  \"about\": \"Do irure proident reprehenderit aliquip ipsum. Ea sunt commodo in esse fugiat adipisicing aute consequat eiusmod eu veniam ad. Nulla ad et exercitation voluptate proident mollit sunt adipisicing aute dolor esse. Reprehenderit ea laboris sunt aliquip adipisicing qui pariatur excepteur ut et ullamco elit nostrud culpa. Nulla aliqua commodo sunt non Lorem incididunt aliquip voluptate consectetur commodo non dolor veniam. Officia culpa exercitation do enim veniam adipisicing. Nulla fugiat et eiusmod aute incididunt laboris deserunt excepteur fugiat duis officia.\\r\\n\",\r\n  \"registered\": \"2018-04-12T11:58:28 +03:00\",\r\n  \"latitude\": -28.83255,\r\n  \"longitude\": -108.89522,\r\n  \"tags\": [\r\n    \"pariatur\",\r\n    \"amet\",\r\n    \"qui\",\r\n    \"aute\",\r\n    \"mollit\",\r\n    \"aliquip\",\r\n    \"excepteur\"\r\n  ],\r\n  \"friends\": [\r\n    {\r\n      \"id\": 0,\r\n      \"name\": \"Rodriquez Garrett\"\r\n    },\r\n    {\r\n      \"id\": 1,\r\n      \"name\": \"Ebony Cole\"\r\n    },\r\n    {\r\n      \"id\": 2,\r\n      \"name\": \"Travis Ashley\"\r\n    }\r\n  ],\r\n  \"greeting\": \"Hello, Tameka Weber! You have 1 unread messages.\",\r\n  \"favoriteFruit\": \"apple\"\r\n}",
            "template": "{\r\n  \"_id\": \"5c4ced467fed6b22958523af\",\r\n  \"index\": 0,\r\n  \"guid\": \"ec360fa8-f535-4ad5-835a-683f928495cd\",\r\n  \"isActive\": true,\r\n  \"balance\": \"$3,892.62\",\r\n  \"picture\": \"http://placehold.it/32x32\",\r\n  \"age\": \"${age}\",\r\n  \"eyeColor\": \"${eye}\",\r\n  \"name\": \"${name}\",\r\n  \"gender\": \"${gender}\",\r\n  \"company\": \"FITCORE\",\r\n  \"email\": \"tamekaweber@fitcore.com\",\r\n  \"phone\": \"+1 (851) 497-3226\",\r\n  \"address\": \"529 Pierrepont Street, Bainbridge, New Jersey, 9407\",\r\n  \"about\": \"Do irure proident reprehenderit aliquip ipsum. Ea sunt commodo in esse fugiat adipisicing aute consequat eiusmod eu veniam ad. Nulla ad et exercitation voluptate proident mollit sunt adipisicing aute dolor esse. Reprehenderit ea laboris sunt aliquip adipisicing qui pariatur excepteur ut et ullamco elit nostrud culpa. Nulla aliqua commodo sunt non Lorem incididunt aliquip voluptate consectetur commodo non dolor veniam. Officia culpa exercitation do enim veniam adipisicing. Nulla fugiat et eiusmod aute incididunt laboris deserunt excepteur fugiat duis officia.\\r\\n\",\r\n  \"registered\": \"2018-04-12T11:58:28 +03:00\",\r\n  \"latitude\": -28.83255,\r\n  \"longitude\": -108.89522,\r\n  \"tags\": [\r\n    \"pariatur\",\r\n    \"amet\",\r\n    \"qui\",\r\n    \"aute\",\r\n    \"mollit\",\r\n    \"aliquip\",\r\n    \"excepteur\"\r\n  ],\r\n  \"friends\": [\r\n    {\r\n      \"id\": 0,\r\n      \"name\": \"Rodriquez Garrett\"\r\n    },\r\n    {\r\n      \"id\": 1,\r\n      \"name\": \"Ebony Cole\"\r\n    },\r\n    {\r\n      \"id\": 2,\r\n      \"name\": \"Travis Ashley\"\r\n    }\r\n  ],\r\n  \"greeting\": \"Hello, Tameka Weber! You have 1 unread messages.\",\r\n  \"favoriteFruit\": \"apple\"\r\n}",
            "vars": {
              "age": "33",
              "eye": "Brown",
              "gender": "Male",
              "name": "Cleber"
            }
          },
          "sensitive_attributes": [],
          "identity_schema_version": 0
        }
      ]
    },
    {
      "mode": "managed",
      "type": "aws_instance",
      "name": "server",
      "provider": "provider[\"registry.terraform.io/hashicorp/aws\"]",
      "instances": [
        {
          "index_key": 0,
          "schema_version": 1,
          "attributes": {
            "ami": "ami-09e6f87a47903347c",
            "arn": "arn:aws:ec2:us-east-1:010438491289:instance/i-09ebec2020c5b608f",
            "associate_public_ip_address": true,
            "availability_zone": "us-east-1a",
            "capacity_reservation_specification": [
              {
                "capacity_reservation_preference": "open",
                "capacity_reservation_target": []
              }
            ],
            "cpu_core_count": 1,
            "cpu_options": [
              {
                "amd_sev_snp": "",
                "core_count": 1,
                "threads_per_core": 2
              }
            ],
            "cpu_threads_per_core": 2,
            "credit_specification": [
              {
                "cpu_credits": "standard"
              }
            ],
            "disable_api_stop": false,
            "disable_api_termination": false,
            "ebs_block_device": [],
            "ebs_optimized": false,
            "enable_primary_ipv6": null,
            "enclave_options": [
              {
                "enabled": false
              }
            ],
            "ephemeral_block_device": [],
            "get_password_data": false,
            "hibernation": false,
            "host_id": "",
            "host_resource_group_arn": null,
            "iam_instance_profile": "",
            "id": "i-09ebec2020c5b608f",
            "instance_initiated_shutdown_behavior": "stop",
            "instance_lifecycle": "",
            "instance_market_options": [],
            "instance_state": "running",
            "instance_type": "t3.micro",
            "ipv6_address_count": 0,
            "ipv6_addresses": [],
            "key_name": "",
            "launch_template": [],
            "maintenance_options": [
              {
                "auto_recovery": "default"
              }
            ],
            "metadata_options": [
              {
                "http_endpoint": "enabled",
                "http_protocol_ipv6": "disabled",
                "http_put_response_hop_limit": 2,
                "http_tokens": "required",
                "instance_metadata_tags": "disabled"
              }
            ],
            "monitoring": false,
            "network_interface": [],
            "outpost_arn": "",
            "password_data": "",
            "placement_group": "",
            "placement_partition_number": 0,
            "primary_network_interface_id": "eni-0a4842a3921ae6bd6",
            "private_dns": "ip-172-31-90-21.ec2.internal",
            "private_dns_name_options": [
              {
                "enable_resource_name_dns_a_record": false,
                "enable_resource_name_dns_aaaa_record": false,
                "hostname_type": "ip-name"
              }
            ],
            "private_ip": "172.31.90.21",
            "public_dns": "ec2-100-26-208-233.compute-1.amazonaws.com",
            "public_ip": "100.26.208.233",
            "root_block_device": [
              {
                "delete_on_termination": true,
                "device_name": "/dev/xvda",
                "encrypted": false,
                "iops": 3000,
                "kms_key_id": "",
                "tags": {},
                "tags_all": {},
                "throughput": 125,
                "volume_id": "vol-0155f7ebec1ddc902",
                "volume_size": 8,
                "volume_type": "gp3"
              }
            ],
            "secondary_private_ips": [],
            "security_groups": [
              "default"
            ],
            "source_dest_check": true,
            "spot_instance_request_id": "",
            "subnet_id": "subnet-09d478b8816071e83",
            "tags": {
              "Course": "Terraform",
              "Env": "prod",
              "Name": "Instance 1",
              "Owner": "rapahaeru",
              "Project": "Curso AWS com Terraform"
            },
            "tags_all": {
              "Course": "Terraform",
              "Env": "prod",
              "Name": "Instance 1",
              "Owner": "rapahaeru",
              "Project": "Curso AWS com Terraform"
            },
            "tenancy": "default",
            "timeouts": null,
            "user_data": null,
            "user_data_base64": null,
            "user_data_replace_on_change": false,
            "volume_tags": null,
            "vpc_security_group_ids": [
              "sg-04788ec1cb08abcfe"
            ]
          },
          "sensitive_attributes": [],
          "identity_schema_version": 0,
          "private": "eyJlMmJmYjczMC1lY2FhLTExZTYtOGY4OC0zNDM2M2JjN2M0YzAiOnsiY3JlYXRlIjo2MDAwMDAwMDAwMDAsImRlbGV0ZSI6MTIwMDAwMDAwMDAwMCwicmVhZCI6OTAwMDAwMDAwMDAwLCJ1cGRhdGUiOjYwMDAwMDAwMDAwMH0sInNjaGVtYV92ZXJzaW9uIjoiMSJ9"
        },
        {
          "index_key": 1,
          "schema_version": 1,
          "attributes": {
            "ami": "ami-09e6f87a47903347c",
            "arn": "arn:aws:ec2:us-east-1:010438491289:instance/i-0b4ada43aa39a5e51",
            "associate_public_ip_address": true,
            "availability_zone": "us-east-1b",
            "capacity_reservation_specification": [
              {
                "capacity_reservation_preference": "open",
                "capacity_reservation_target": []
              }
            ],
            "cpu_core_count": 1,
            "cpu_options": [
              {
                "amd_sev_snp": "",
                "core_count": 1,
                "threads_per_core": 2
              }
            ],
            "cpu_threads_per_core": 2,
            "credit_specification": [
              {
                "cpu_credits": "unlimited"
              }
            ],
            "disable_api_stop": false,
            "disable_api_termination": false,
            "ebs_block_device": [],
            "ebs_optimized": false,
            "enable_primary_ipv6": null,
            "enclave_options": [
              {
                "enabled": false
              }
            ],
            "ephemeral_block_device": [],
            "get_password_data": false,
            "hibernation": false,
            "host_id": "",
            "host_resource_group_arn": null,
            "iam_instance_profile": "",
            "id": "i-0b4ada43aa39a5e51",
            "instance_initiated_shutdown_behavior": "stop",
            "instance_lifecycle": "",
            "instance_market_options": [],
            "instance_state": "running",
            "instance_type": "t3.micro",
            "ipv6_address_count": 0,
            "ipv6_addresses": [],
            "key_name": "",
            "launch_template": [],
            "maintenance_options": [
              {
                "auto_recovery": "default"
              }
            ],
            "metadata_options": [
              {
                "http_endpoint": "enabled",
                "http_protocol_ipv6": "disabled",
                "http_put_response_hop_limit": 2,
                "http_tokens": "required",
                "instance_metadata_tags": "disabled"
              }
            ],
            "monitoring": false,
            "network_interface": [],
            "outpost_arn": "",
            "password_data": "",
            "placement_group": "",
            "placement_partition_number": 0,
            "primary_network_interface_id": "eni-0d5ee7ce77384d9ff",
            "private_dns": "ip-172-31-20-74.ec2.internal",
            "private_dns_name_options": [
              {
                "enable_resource_name_dns_a_record": false,
                "enable_resource_name_dns_aaaa_record": false,
                "hostname_type": "ip-name"
              }
            ],
            "private_ip": "172.31.20.74",
            "public_dns": "ec2-34-234-78-169.compute-1.amazonaws.com",
            "public_ip": "34.234.78.169",
            "root_block_device": [
              {
                "delete_on_termination": true,
                "device_name": "/dev/xvda",
                "encrypted": false,
                "iops": 3000,
                "kms_key_id": "",
                "tags": {},
                "tags_all": {},
                "throughput": 125,
                "volume_id": "vol-092e1be6d5f8d87d2",
                "volume_size": 8,
                "volume_type": "gp3"
              }
            ],
            "secondary_private_ips": [],
            "security_groups": [
              "default"
            ],
            "source_dest_check": true,
            "spot_instance_request_id": "",
            "subnet_id": "subnet-0a55655c3187076c1",
            "tags": {
              "Course": "Terraform",
              "Env": "prod",
              "Name": "Instance 2",
              "Owner": "rapahaeru",
              "Project": "Curso AWS com Terraform"
            },
            "tags_all": {
              "Course": "Terraform",
              "Env": "prod",
              "Name": "Instance 2",
              "Owner": "rapahaeru",
              "Project": "Curso AWS com Terraform"
            },
            "tenancy": "default",
            "timeouts": null,
            "user_data": null,
            "user_data_base64": null,
            "user_data_replace_on_change": false,
            "volume_tags": null,
            "vpc_security_group_ids": [
              "sg-04788ec1cb08abcfe"
            ]
          },
          "sensitive_attributes": [],
          "identity_schema_version": 0,
          "private": "eyJlMmJmYjczMC1lY2FhLTExZTYtOGY4OC0zNDM2M2JjN2M0YzAiOnsiY3JlYXRlIjo2MDAwMDAwMDAwMDAsImRlbGV0ZSI6MTIwMDAwMDAwMDAwMCwicmVhZCI6OTAwMDAwMDAwMDAwLCJ1cGRhdGUiOjYwMDAwMDAwMDAwMH0sInNjaGVtYV92ZXJzaW9uIjoiMSJ9"
        },
        {
          "index_key": 2,
          "schema_version": 1,
          "attributes": {
            "ami": "ami-09e6f87a47903347c",
            "arn": "arn:aws:ec2:us-east-1:010438491289:instance/i-099ae9c1b08258d80",
            "associate_public_ip_address": true,
            "availability_zone": "us-east-1b",
            "capacity_reservation_specification": [
              {
                "capacity_reservation_preference": "open",
                "capacity_reservation_target": []
              }
            ],
            "cpu_core_count": 1,
            "cpu_options": [
              {
                "amd_sev_snp": "",
                "core_count": 1,
                "threads_per_core": 2
              }
            ],
            "cpu_threads_per_core": 2,
            "credit_specification": [
              {
                "cpu_credits": "unlimited"
              }
            ],
            "disable_api_stop": false,
            "disable_api_termination": false,
            "ebs_block_device": [],
            "ebs_optimized": false,
            "enable_primary_ipv6": null,
            "enclave_options": [
              {
                "enabled": false
              }
            ],
            "ephemeral_block_device": [],
            "get_password_data": false,
            "hibernation": false,
            "host_id": "",
            "host_resource_group_arn": null,
            "iam_instance_profile": "",
            "id": "i-099ae9c1b08258d80",
            "instance_initiated_shutdown_behavior": "stop",
            "instance_lifecycle": "",
            "instance_market_options": [],
            "instance_state": "running",
            "instance_type": "t3.micro",
            "ipv6_address_count": 0,
            "ipv6_addresses": [],
            "key_name": "",
            "launch_template": [],
            "maintenance_options": [
              {
                "auto_recovery": "default"
              }
            ],
            "metadata_options": [
              {
                "http_endpoint": "enabled",
                "http_protocol_ipv6": "disabled",
                "http_put_response_hop_limit": 2,
                "http_tokens": "required",
                "instance_metadata_tags": "disabled"
              }
            ],
            "monitoring": false,
            "network_interface": [],
            "outpost_arn": "",
            "password_data": "",
            "placement_group": "",
            "placement_partition_number": 0,
            "primary_network_interface_id": "eni-03490e903b7aa6d7b",
            "private_dns": "ip-172-31-24-159.ec2.internal",
            "private_dns_name_options": [
              {
                "enable_resource_name_dns_a_record": false,
                "enable_resource_name_dns_aaaa_record": false,
                "hostname_type": "ip-name"
              }
            ],
            "private_ip": "172.31.24.159",
            "public_dns": "ec2-98-81-167-122.compute-1.amazonaws.com",
            "public_ip": "98.81.167.122",
            "root_block_device": [
              {
                "delete_on_termination": true,
                "device_name": "/dev/xvda",
                "encrypted": false,
                "iops": 3000,
                "kms_key_id": "",
                "tags": {},
                "tags_all": {},
                "throughput": 125,
                "volume_id": "vol-008ca4b1b45a68e1b",
                "volume_size": 8,
                "volume_type": "gp3"
              }
            ],
            "secondary_private_ips": [],
            "security_groups": [
              "default"
            ],
            "source_dest_check": true,
            "spot_instance_request_id": "",
            "subnet_id": "subnet-0a55655c3187076c1",
            "tags": {
              "Course": "Terraform",
              "Env": "prod",
              "Name": "Instance 3",
              "Owner": "rapahaeru",
              "Project": "Curso AWS com Terraform"
            },
            "tags_all": {
              "Course": "Terraform",
              "Env": "prod",
              "Name": "Instance 3",
              "Owner": "rapahaeru",
              "Project": "Curso AWS com Terraform"
            },
            "tenancy": "default",
            "timeouts": null,
            "user_data": null,
            "user_data_base64": null,
            "user_data_replace_on_change": false,
            "volume_tags": null,
            "vpc_security_group_ids": [
              "sg-04788ec1cb08abcfe"
            ]
          },
          "sensitive_attributes": [],
          "identity_schema_version": 0,
          "private": "eyJlMmJmYjczMC1lY2FhLTExZTYtOGY4OC0zNDM2M2JjN2M0YzAiOnsiY3JlYXRlIjo2MDAwMDAwMDAwMDAsImRlbGV0ZSI6MTIwMDAwMDAwMDAwMCwicmVhZCI6OTAwMDAwMDAwMDAwLCJ1cGRhdGUiOjYwMDAwMDAwMDAwMH0sInNjaGVtYV92ZXJzaW9uIjoiMSJ9"
        }
      ]
    },
    {
      "mode": "managed",
      "type": "aws_s3_bucket",
      "name": "this",
      "provider": "provider[\"registry.terraform.io/hashicorp/aws\"]",
      "instances": [
        {
          "schema_version": 0,
          "attributes": {
            "acceleration_status": "",
            "acl": null,
            "arn": "arn:aws:s3:::freely-exactly-illegally-adapting-deer-prod",
            "bucket": "freely-exactly-illegally-adapting-deer-prod",
            "bucket_domain_name": "freely-exactly-illegally-adapting-deer-prod.s3.amazonaws.com",
            "bucket_prefix": "",
            "bucket_regional_domain_name": "freely-exactly-illegally-adapting-deer-prod.s3.us-east-1.amazonaws.com",
            "cors_rule": [],
            "force_destroy": false,
            "grant": [
              {
                "id": "d592063bb41cc281da9cdc55a311495bde7b97efef29be9dbbc22e2251522dda",
                "permissions": [
                  "FULL_CONTROL"
                ],
                "type": "CanonicalUser",
                "uri": ""
              }
            ],
            "hosted_zone_id": "Z3AQBSTGFYJSTF",
            "id": "freely-exactly-illegally-adapting-deer-prod",
            "lifecycle_rule": [],
            "logging": [],
            "object_lock_configuration": [],
            "object_lock_enabled": false,
            "policy": "",
            "region": "us-east-1",
            "replication_configuration": [],
            "request_payer": "BucketOwner",
            "server_side_encryption_configuration": [
              {
                "rule": [
                  {
                    "apply_server_side_encryption_by_default": [
                      {
                        "kms_master_key_id": "",
                        "sse_algorithm": "AES256"
                      }
                    ],
                    "bucket_key_enabled": false
                  }
                ]
              }
            ],
            "tags": {
              "Course": "Terraform",
              "Owner": "rapahaeru",
              "Project": "Curso AWS com Terraform"
            },
            "tags_all": {
              "Course": "Terraform",
              "Owner": "rapahaeru",
              "Project": "Curso AWS com Terraform"
            },
            "timeouts": null,
            "versioning": [
              {
                "enabled": false,
                "mfa_delete": false
              }
            ],
            "website": [],
            "website_domain": null,
            "website_endpoint": null
          },
          "sensitive_attributes": [],
          "identity_schema_version": 0,
          "private": "eyJlMmJmYjczMC1lY2FhLTExZTYtOGY4OC0zNDM2M2JjN2M0YzAiOnsiY3JlYXRlIjoxMjAwMDAwMDAwMDAwLCJkZWxldGUiOjM2MDAwMDAwMDAwMDAsInJlYWQiOjEyMDAwMDAwMDAwMDAsInVwZGF0ZSI6MTIwMDAwMDAwMDAwMH19",
          "dependencies": [
            "random_pet.bucket"
          ]
        }
      ]
    },
    {
      "mode": "managed",
      "type": "aws_s3_object",
      "name": "this",
      "provider": "provider[\"registry.terraform.io/hashicorp/aws\"]",
      "instances": [
        {
          "schema_version": 0,
          "attributes": {
            "acl": null,
            "arn": "arn:aws:s3:::freely-exactly-illegally-adapting-deer-prod/9de79102-48fb-7e93-d120-4ee21c6d0fa6.zip",
            "bucket": "freely-exactly-illegally-adapting-deer-prod",
            "bucket_key_enabled": false,
            "cache_control": "",
            "checksum_algorithm": null,
            "checksum_crc32": "",
            "checksum_crc32c": "",
            "checksum_crc64nvme": "",
            "checksum_sha1": "",
            "checksum_sha256": "",
            "content": null,
            "content_base64": null,
            "content_disposition": "",
            "content_encoding": "",
            "content_language": "",
            "content_type": "application/zip",
            "etag": "5fdf1ccff865a98cd6ef5a4bc9830c3b",
            "force_destroy": false,
            "id": "9de79102-48fb-7e93-d120-4ee21c6d0fa6.zip",
            "key": "9de79102-48fb-7e93-d120-4ee21c6d0fa6.zip",
            "kms_key_id": null,
            "metadata": null,
            "object_lock_legal_hold_status": "",
            "object_lock_mode": "",
            "object_lock_retain_until_date": "",
            "override_provider": [],
            "server_side_encryption": "AES256",
            "source": "./files/arquivo-gerado-de-um-template.zip",
            "source_hash": null,
            "storage_class": "STANDARD",
            "tags": {
              "Course": "Terraform",
              "Owner": "rapahaeru",
              "Project": "Curso AWS com Terraform"
            },
            "tags_all": {
              "Course": "Terraform",
              "Owner": "rapahaeru",
              "Project": "Curso AWS com Terraform"
            },
            "version_id": "",
            "website_redirect": ""
          },
          "sensitive_attributes": [],
          "identity_schema_version": 0,
          "private": "bnVsbA==",
          "dependencies": [
            "aws_s3_bucket.this",
            "data.archive_file.json",
            "data.template_file.json",
            "random_pet.bucket"
          ]
        }
      ]
    },
    {
      "mode": "managed",
      "type": "random_pet",
      "name": "bucket",
      "provider": "provider[\"registry.terraform.io/hashicorp/random\"]",
      "instances": [
        {
          "schema_version": 0,
          "attributes": {
            "id": "freely-exactly-illegally-adapting-deer",
            "keepers": null,
            "length": 5,
            "prefix": null,
            "separator": "-"
          },
          "sensitive_attributes": [],
          "identity_schema_version": 0
        }
      ]
    }
  ],
  "check_results": [
    {
      "object_kind": "var",
      "config_addr": "var.instance_ami",
      "status": "pass",
      "objects": [
        {
          "object_addr": "var.instance_ami",
          "status": "pass"
        }
      ]
    }
  ]
}
